
Microsoft Visual Studio Solution File, Format Version 12.00
# Visual Studio 15
VisualStudioVersion = 15.0.26430.16
MinimumVisualStudioVersion = 10.0.40219.1
Project("{FAE04EC0-301F-11D3-BF4B-00C04F79EFBC}") = "UnitTestProject1", "Test\UnitTestProject1\UnitTestProject1.csproj", "{B08BC804-7D5E-4335-A859-5A826A83E70B}"
EndProject
Project("{FAE04EC0-301F-11D3-BF4B-00C04F79EFBC}") = "Assembly-CSharp", "Assembly-CSharp.csproj", "{C9D7FD4A-F3E1-BCB9-CE81-F5440F0CC44C}"
EndProject
Global
	GlobalSection(SolutionConfigurationPlatforms) = preSolution
		Debug|Any CPU = Debug|Any CPU
		Release|Any CPU = Release|Any CPU
	EndGlobalSection
	GlobalSection(ProjectConfigurationPlatforms) = postSolution
		{B08BC804-7D5E-4335-A859-5A826A83E70B}.Debug|Any CPU.ActiveCfg = Debug|Any CPU
		{B08BC804-7D5E-4335-A859-5A826A83E70B}.Debug|Any CPU.Build.0 = Debug|Any CPU
		{B08BC804-7D5E-4335-A859-5A826A83E70B}.Release|Any CPU.ActiveCfg = Release|Any CPU
		{B08BC804-7D5E-4335-A859-5A826A83E70B}.Release|Any CPU.Build.0 = Release|Any CPU
		{C9D7FD4A-F3E1-BCB9-CE81-F5440F0CC44C}.Debug|Any CPU.ActiveCfg = Debug|Any CPU
		{C9D7FD4A-F3E1-BCB9-CE81-F5440F0CC44C}.Debug|Any CPU.Build.0 = Debug|Any CPU
		{C9D7FD4A-F3E1-BCB9-CE81-F5440F0CC44C}.Release|Any CPU.ActiveCfg = Release|Any CPU
		{C9D7FD4A-F3E1-BCB9-CE81-F5440F0CC44C}.Release|Any CPU.Build.0 = Release|Any CPU
	EndGlobalSection
	GlobalSection(SolutionProperties) = preSolution
		HideSolutionNode = FALSE
	EndGlobalSection
EndGlobal
