
Microsoft Visual Studio Solution File, Format Version 12.00
# Visual Studio Version 16
VisualStudioVersion = 16.0.28803.352
MinimumVisualStudioVersion = 10.0.40219.1
Project("{FAE04EC0-301F-11D3-BF4B-00C04F79EFBC}") = "Assembly-CSharp", "Assembly-CSharp.csproj", "{975AB409-05C3-15C3-D7DD-0D0DAF22C92D}"
EndProject
Project("{FAE04EC0-301F-11D3-BF4B-00C04F79EFBC}") = "Assembly-CSharp-Editor", "Assembly-CSharp-Editor.csproj", "{0D8E1165-AAF8-554B-BB24-F4621CD2283D}"
EndProject
Project("{2150E333-8FDC-42A3-9474-1A3956D46DE8}") = "Solution Items", "Solution Items", "{0B17C7F0-28AF-41B5-8DB6-633732581F4C}"
	ProjectSection(SolutionItems) = preProject
		Assets\StreamingAssets\CreateBlankDatabase.sql = Assets\StreamingAssets\CreateBlankDatabase.sql
	EndProjectSection
EndProject
Global
	GlobalSection(SolutionConfigurationPlatforms) = preSolution
		Debug|Any CPU = Debug|Any CPU
		Release|Any CPU = Release|Any CPU
	EndGlobalSection
	GlobalSection(ProjectConfigurationPlatforms) = postSolution
		{975AB409-05C3-15C3-D7DD-0D0DAF22C92D}.Debug|Any CPU.ActiveCfg = Debug|Any CPU
		{975AB409-05C3-15C3-D7DD-0D0DAF22C92D}.Debug|Any CPU.Build.0 = Debug|Any CPU
		{975AB409-05C3-15C3-D7DD-0D0DAF22C92D}.Release|Any CPU.ActiveCfg = Release|Any CPU
		{975AB409-05C3-15C3-D7DD-0D0DAF22C92D}.Release|Any CPU.Build.0 = Release|Any CPU
		{0D8E1165-AAF8-554B-BB24-F4621CD2283D}.Debug|Any CPU.ActiveCfg = Debug|Any CPU
		{0D8E1165-AAF8-554B-BB24-F4621CD2283D}.Debug|Any CPU.Build.0 = Debug|Any CPU
		{0D8E1165-AAF8-554B-BB24-F4621CD2283D}.Release|Any CPU.ActiveCfg = Release|Any CPU
		{0D8E1165-AAF8-554B-BB24-F4621CD2283D}.Release|Any CPU.Build.0 = Release|Any CPU
	EndGlobalSection
	GlobalSection(SolutionProperties) = preSolution
		HideSolutionNode = FALSE
	EndGlobalSection
	GlobalSection(ExtensibilityGlobals) = postSolution
		SolutionGuid = {AE2FA114-6309-49FF-A6E1-8F36BB06D0DB}
	EndGlobalSection
EndGlobal
